{
  "name": "mingw-w64-fonts",
  "version": "1.0.0",
  "lockfileVersion": 3,
  "requires": true,
  "packages": {
    "": {
      "name": "mingw-w64-fonts",
      "version": "1.0.0",
      "license": "MIT",
      "dependencies": {
        "@fontsource/roboto": "^5.0.14",
        "@fontsource/roboto-mono": "^5.0.19"
      }
    },
    "node_modules/@fontsource/roboto": {
      "version": "5.0.14",
      "resolved": "https://registry.npmjs.org/@fontsource/roboto/-/roboto-5.0.14.tgz",
      "integrity": "sha512-zHAxlTTm9RuRn9/StwclFJChf3z9+fBrOxC3fw71htjHP1BgXNISwRjdJtAKAmMe5S2BzgpnjkQR93P9EZYI/Q==",
      "license": "Apache-2.0"
    },
    "node_modules/@fontsource/roboto-mono": {
      "version": "5.0.19",
      "resolved": "https://registry.npmjs.org/@fontsource/roboto-mono/-/roboto-mono-5.0.19.tgz",
      "integrity": "sha512-v9xg3ewKQoOJVKZWzRvFIT75mtTkrvKbyx52SScre0qRfvEWt9WvOLoR+Wsxfj4l0A4kwGPlOdNs6sy74OJoow==",
      "license": "Apache-2.0"
    }
  }
}
